
Microsoft Visual Studio Solution File, Format Version 12.00
# Visual Studio 15
VisualStudioVersion = 15.0.28306.52
MinimumVisualStudioVersion = 10.0.40219.1
Project("{888888A0-9F3D-457C-B088-3A5042F75D52}") = "TrelloManager", "TrelloManager\TrelloManager.pyproj", "{4FB5A9F4-66BB-4699-A69D-87196765A184}"
EndProject
Global
	GlobalSection(SolutionConfigurationPlatforms) = preSolution
		Debug|Any CPU = Debug|Any CPU
		Release|Any CPU = Release|Any CPU
	EndGlobalSection
	GlobalSection(ProjectConfigurationPlatforms) = postSolution
		{4FB5A9F4-66BB-4699-A69D-87196765A184}.Debug|Any CPU.ActiveCfg = Debug|Any CPU
		{4FB5A9F4-66BB-4699-A69D-87196765A184}.Release|Any CPU.ActiveCfg = Release|Any CPU
	EndGlobalSection
	GlobalSection(SolutionProperties) = preSolution
		HideSolutionNode = FALSE
	EndGlobalSection
	GlobalSection(ExtensibilityGlobals) = postSolution
		SolutionGuid = {666539F8-2C45-4BC9-9CB4-4BA9BB13995A}
	EndGlobalSection
EndGlobal
